// !$*UTF8*$!
{
	archiveVersion = 1;
	classes = {
	};
	objectVersion = 46;
	objects = {

/* Begin PBXBuildFile section */
		1582C5D01D95DD2D0047CE46 /* AppDelegate.swift in Sources */ = {isa = PBXBuildFile; fileRef = 1582C5CF1D95DD2D0047CE46 /* AppDelegate.swift */; };
		1582C5D21D95DD2D0047CE46 /* ViewController.swift in Sources */ = {isa = PBXBuildFile; fileRef = 1582C5D11D95DD2D0047CE46 /* ViewController.swift */; };
		1582C5D51D95DD2D0047CE46 /* Main.storyboard in Resources */ = {isa = PBXBuildFile; fileRef = 1582C5D31D95DD2D0047CE46 /* Main.storyboard */; };
		1582C5D71D95DD2D0047CE46 /* Assets.xcassets in Resources */ = {isa = PBXBuildFile; fileRef = 1582C5D61D95DD2D0047CE46 /* Assets.xcassets */; };
		1582C5DA1D95DD2D0047CE46 /* LaunchScreen.storyboard in Resources */ = {isa = PBXBuildFile; fileRef = 1582C5D81D95DD2D0047CE46 /* LaunchScreen.storyboard */; };
		1582C5E51D95DD2D0047CE46 /* RadicalTests.swift in Sources */ = {isa = PBXBuildFile; fileRef = 1582C5E41D95DD2D0047CE46 /* RadicalTests.swift */; };
		1582C5F01D95DD2D0047CE46 /* RadicalUITests.swift in Sources */ = {isa = PBXBuildFile; fileRef = 1582C5EF1D95DD2D0047CE46 /* RadicalUITests.swift */; };
/* End PBXBuildFile section */

/* Begin PBXContainerItemProxy section */
		1582C5E11D95DD2D0047CE46 /* PBXContainerItemProxy */ = {
			isa = PBXContainerItemProxy;
			containerPortal = 1582C5C41D95DD2D0047CE46 /* Project object */;
			proxyType = 1;
			remoteGlobalIDString = 1582C5CB1D95DD2D0047CE46;
			remoteInfo = Radical;
		};
		1582C5EC1D95DD2D0047CE46 /* PBXContainerItemProxy */ = {
			isa = PBXContainerItemProxy;
			containerPortal = 1582C5C41D95DD2D0047CE46 /* Project object */;
			proxyType = 1;
			remoteGlobalIDString = 1582C5CB1D95DD2D0047CE46;
			remoteInfo = Radical;
		};
/* End PBXContainerItemProxy section */

/* Begin PBXFileReference section */
		1582C5CC1D95DD2D0047CE46 /* Radical.app */ = {isa = PBXFileReference; explicitFileType = wrapper.application; includeInIndex = 0; path = Radical.app; sourceTree = BUILT_PRODUCTS_DIR; };
		1582C5CF1D95DD2D0047CE46 /* AppDelegate.swift */ = {isa = PBXFileReference; lastKnownFileType = sourcecode.swift; path = AppDelegate.swift; sourceTree = "<group>"; };
		1582C5D11D95DD2D0047CE46 /* ViewController.swift */ = {isa = PBXFileReference; lastKnownFileType = sourcecode.swift; path = ViewController.swift; sourceTree = "<group>"; };
		1582C5D41D95DD2D0047CE46 /* Base */ = {isa = PBXFileReference; lastKnownFileType = file.storyboard; name = Base; path = Base.lproj/Main.storyboard; sourceTree = "<group>"; };
		1582C5D61D95DD2D0047CE46 /* Assets.xcassets */ = {isa = PBXFileReference; lastKnownFileType = folder.assetcatalog; path = Assets.xcassets; sourceTree = "<group>"; };
		1582C5D91D95DD2D0047CE46 /* Base */ = {isa = PBXFileReference; lastKnownFileType = file.storyboard; name = Base; path = Base.lproj/LaunchScreen.storyboard; sourceTree = "<group>"; };
		1582C5DB1D95DD2D0047CE46 /* Info.plist */ = {isa = PBXFileReference; lastKnownFileType = text.plist.xml; path = Info.plist; sourceTree = "<group>"; };
		1582C5E01D95DD2D0047CE46 /* RadicalTests.xctest */ = {isa = PBXFileReference; explicitFileType = wrapper.cfbundle; includeInIndex = 0; path = RadicalTests.xctest; sourceTree = BUILT_PRODUCTS_DIR; };
		1582C5E41D95DD2D0047CE46 /* RadicalTests.swift */ = {isa = PBXFileReference; lastKnownFileType = sourcecode.swift; path = RadicalTests.swift; sourceTree = "<group>"; };
		1582C5E61D95DD2D0047CE46 /* Info.plist */ = {isa = PBXFileReference; lastKnownFileType = text.plist.xml; path = Info.plist; sourceTree = "<group>"; };
		1582C5EB1D95DD2D0047CE46 /* RadicalUITests.xctest */ = {isa = PBXFileReference; explicitFileType = wrapper.cfbundle; includeInIndex = 0; path = RadicalUITests.xctest; sourceTree = BUILT_PRODUCTS_DIR; };
		1582C5EF1D95DD2D0047CE46 /* RadicalUITests.swift */ = {isa = PBXFileReference; lastKnownFileType = sourcecode.swift; path = RadicalUITests.swift; sourceTree = "<group>"; };
		1582C5F11D95DD2D0047CE46 /* Info.plist */ = {isa = PBXFileReference; lastKnownFileType = text.plist.xml; path = Info.plist; sourceTree = "<group>"; };
/* End PBXFileReference section */

/* Begin PBXFrameworksBuildPhase section */
		1582C5C91D95DD2D0047CE46 /* Frameworks */ = {
			isa = PBXFrameworksBuildPhase;
			buildActionMask = 2147483647;
			files = (
			);
			runOnlyForDeploymentPostprocessing = 0;
		};
		1582C5DD1D95DD2D0047CE46 /* Frameworks */ = {
			isa = PBXFrameworksBuildPhase;
			buildActionMask = 2147483647;
			files = (
			);
			runOnlyForDeploymentPostprocessing = 0;
		};
		1582C5E81D95DD2D0047CE46 /* Frameworks */ = {
			isa = PBXFrameworksBuildPhase;
			buildActionMask = 2147483647;
			files = (
			);
			runOnlyForDeploymentPostprocessing = 0;
		};
/* End PBXFrameworksBuildPhase section */

/* Begin PBXGroup section */
		1582C5C31D95DD2C0047CE46 = {
			isa = PBXGroup;
			children = (
				1582C5CE1D95DD2D0047CE46 /* Radical */,
				1582C5E31D95DD2D0047CE46 /* RadicalTests */,
				1582C5EE1D95DD2D0047CE46 /* RadicalUITests */,
				1582C5CD1D95DD2D0047CE46 /* Products */,
			);
			sourceTree = "<group>";
		};
		1582C5CD1D95DD2D0047CE46 /* Products */ = {
			isa = PBXGroup;
			children = (
				1582C5CC1D95DD2D0047CE46 /* Radical.app */,
				1582C5E01D95DD2D0047CE46 /* RadicalTests.xctest */,
				1582C5EB1D95DD2D0047CE46 /* RadicalUITests.xctest */,
			);
			name = Products;
			sourceTree = "<group>";
		};
		1582C5CE1D95DD2D0047CE46 /* Radical */ = {
			isa = PBXGroup;
			children = (
				1582C5CF1D95DD2D0047CE46 /* AppDelegate.swift */,
				1582C5D11D95DD2D0047CE46 /* ViewController.swift */,
				1582C5D31D95DD2D0047CE46 /* Main.storyboard */,
				1582C5D61D95DD2D0047CE46 /* Assets.xcassets */,
				1582C5D81D95DD2D0047CE46 /* LaunchScreen.storyboard */,
				1582C5DB1D95DD2D0047CE46 /* Info.plist */,
			);
			path = Radical;
			sourceTree = "<group>";
		};
		1582C5E31D95DD2D0047CE46 /* RadicalTests */ = {
			isa = PBXGroup;
			children = (
				1582C5E41D95DD2D0047CE46 /* RadicalTests.swift */,
				1582C5E61D95DD2D0047CE46 /* Info.plist */,
			);
			path = RadicalTests;
			sourceTree = "<group>";
		};
		1582C5EE1D95DD2D0047CE46 /* RadicalUITests */ = {
			isa = PBXGroup;
			children = (
				1582C5EF1D95DD2D0047CE46 /* RadicalUITests.swift */,
				1582C5F11D95DD2D0047CE46 /* Info.plist */,
			);
			path = RadicalUITests;
			sourceTree = "<group>";
		};
/* End PBXGroup section */

/* Begin PBXNativeTarget section */
		1582C5CB1D95DD2D0047CE46 /* Radical */ = {
			isa = PBXNativeTarget;
			buildConfigurationList = 1582C5F41D95DD2D0047CE46 /* Build configuration list for PBXNativeTarget "Radical" */;
			buildPhases = (
				1582C5C81D95DD2D0047CE46 /* Sources */,
				1582C5C91D95DD2D0047CE46 /* Frameworks */,
				1582C5CA1D95DD2D0047CE46 /* Resources */,
			);
			buildRules = (
			);
			dependencies = (
			);
			name = Radical;
			productName = Radical;
			productReference = 1582C5CC1D95DD2D0047CE46 /* Radical.app */;
			productType = "com.apple.product-type.application";
		};
		1582C5DF1D95DD2D0047CE46 /* RadicalTests */ = {
			isa = PBXNativeTarget;
			buildConfigurationList = 1582C5F71D95DD2D0047CE46 /* Build configuration list for PBXNativeTarget "RadicalTests" */;
			buildPhases = (
				1582C5DC1D95DD2D0047CE46 /* Sources */,
				1582C5DD1D95DD2D0047CE46 /* Frameworks */,
				1582C5DE1D95DD2D0047CE46 /* Resources */,
			);
			buildRules = (
			);
			dependencies = (
				1582C5E21D95DD2D0047CE46 /* PBXTargetDependency */,
			);
			name = RadicalTests;
			productName = RadicalTests;
			productReference = 1582C5E01D95DD2D0047CE46 /* RadicalTests.xctest */;
			productType = "com.apple.product-type.bundle.unit-test";
		};
		1582C5EA1D95DD2D0047CE46 /* RadicalUITests */ = {
			isa = PBXNativeTarget;
			buildConfigurationList = 1582C5FA1D95DD2D0047CE46 /* Build configuration list for PBXNativeTarget "RadicalUITests" */;
			buildPhases = (
				1582C5E71D95DD2D0047CE46 /* Sources */,
				1582C5E81D95DD2D0047CE46 /* Frameworks */,
				1582C5E91D95DD2D0047CE46 /* Resources */,
			);
			buildRules = (
			);
			dependencies = (
				1582C5ED1D95DD2D0047CE46 /* PBXTargetDependency */,
			);
			name = RadicalUITests;
			productName = RadicalUITests;
			productReference = 1582C5EB1D95DD2D0047CE46 /* RadicalUITests.xctest */;
			productType = "com.apple.product-type.bundle.ui-testing";
		};
/* End PBXNativeTarget section */

/* Begin PBXProject section */
		1582C5C41D95DD2D0047CE46 /* Project object */ = {
			isa = PBXProject;
			attributes = {
				LastSwiftUpdateCheck = 0800;
				LastUpgradeCheck = 0800;
				ORGANIZATIONNAME = ViNiT;
				TargetAttributes = {
					1582C5CB1D95DD2D0047CE46 = {
						CreatedOnToolsVersion = 8.0;
						ProvisioningStyle = Automatic;
					};
					1582C5DF1D95DD2D0047CE46 = {
						CreatedOnToolsVersion = 8.0;
						ProvisioningStyle = Automatic;
						TestTargetID = 1582C5CB1D95DD2D0047CE46;
					};
					1582C5EA1D95DD2D0047CE46 = {
						CreatedOnToolsVersion = 8.0;
						ProvisioningStyle = Automatic;
						TestTargetID = 1582C5CB1D95DD2D0047CE46;
					};
				};
			};
			buildConfigurationList = 1582C5C71D95DD2D0047CE46 /* Build configuration list for PBXProject "Radical" */;
			compatibilityVersion = "Xcode 3.2";
			developmentRegion = English;
			hasScannedForEncodings = 0;
			knownRegions = (
				en,
				Base,
			);
			mainGroup = 1582C5C31D95DD2C0047CE46;
			productRefGroup = 1582C5CD1D95DD2D0047CE46 /* Products */;
			projectDirPath = "";
			projectRoot = "";
			targets = (
				1582C5CB1D95DD2D0047CE46 /* Radical */,
				1582C5DF1D95DD2D0047CE46 /* RadicalTests */,
				1582C5EA1D95DD2D0047CE46 /* RadicalUITests */,
			);
		};
/* End PBXProject section */

/* Begin PBXResourcesBuildPhase section */
		1582C5CA1D95DD2D0047CE46 /* Resources */ = {
			isa = PBXResourcesBuildPhase;
			buildActionMask = 2147483647;
			files = (
				1582C5DA1D95DD2D0047CE46 /* LaunchScreen.storyboard in Resources */,
				1582C5D71D95DD2D0047CE46 /* Assets.xcassets in Resources */,
				1582C5D51D95DD2D0047CE46 /* Main.storyboard in Resources */,
			);
			runOnlyForDeploymentPostprocessing = 0;
		};
		1582C5DE1D95DD2D0047CE46 /* Resources */ = {
			isa = PBXResourcesBuildPhase;
			buildActionMask = 2147483647;
			files = (
			);
			runOnlyForDeploymentPostprocessing = 0;
		};
		1582C5E91D95DD2D0047CE46 /* Resources */ = {
			isa = PBXResourcesBuildPhase;
			buildActionMask = 2147483647;
			files = (
			);
			runOnlyForDeploymentPostprocessing = 0;
		};
/* End PBXResourcesBuildPhase section */

/* Begin PBXSourcesBuildPhase section */
		1582C5C81D95DD2D0047CE46 /* Sources */ = {
			isa = PBXSourcesBuildPhase;
			buildActionMask = 2147483647;
			files = (
				1582C5D21D95DD2D0047CE46 /* ViewController.swift in Sources */,
				1582C5D01D95DD2D0047CE46 /* AppDelegate.swift in Sources */,
			);
			runOnlyForDeploymentPostprocessing = 0;
		};
		1582C5DC1D95DD2D0047CE46 /* Sources */ = {
			isa = PBXSourcesBuildPhase;
			buildActionMask = 2147483647;
			files = (
				1582C5E51D95DD2D0047CE46 /* RadicalTests.swift in Sources */,
			);
			runOnlyForDeploymentPostprocessing = 0;
		};
		1582C5E71D95DD2D0047CE46 /* Sources */ = {
			isa = PBXSourcesBuildPhase;
			buildActionMask = 2147483647;
			files = (
				1582C5F01D95DD2D0047CE46 /* RadicalUITests.swift in Sources */,
			);
			runOnlyForDeploymentPostprocessing = 0;
		};
/* End PBXSourcesBuildPhase section */

/* Begin PBXTargetDependency section */
		1582C5E21D95DD2D0047CE46 /* PBXTargetDependency */ = {
			isa = PBXTargetDependency;
			target = 1582C5CB1D95DD2D0047CE46 /* Radical */;
			targetProxy = 1582C5E11D95DD2D0047CE46 /* PBXContainerItemProxy */;
		};
		1582C5ED1D95DD2D0047CE46 /* PBXTargetDependency */ = {
			isa = PBXTargetDependency;
			target = 1582C5CB1D95DD2D0047CE46 /* Radical */;
			targetProxy = 1582C5EC1D95DD2D0047CE46 /* PBXContainerItemProxy */;
		};
/* End PBXTargetDependency section */

/* Begin PBXVariantGroup section */
		1582C5D31D95DD2D0047CE46 /* Main.storyboard */ = {
			isa = PBXVariantGroup;
			children = (
				1582C5D41D95DD2D0047CE46 /* Base */,
			);
			name = Main.storyboard;
			sourceTree = "<group>";
		};
		1582C5D81D95DD2D0047CE46 /* LaunchScreen.storyboard */ = {
			isa = PBXVariantGroup;
			children = (
				1582C5D91D95DD2D0047CE46 /* Base */,
			);
			name = LaunchScreen.storyboard;
			sourceTree = "<group>";
		};
/* End PBXVariantGroup section */

/* Begin XCBuildConfiguration section */
		1582C5F21D95DD2D0047CE46 /* Debug */ = {
			isa = XCBuildConfiguration;
			buildSettings = {
				ALWAYS_SEARCH_USER_PATHS = NO;
				CLANG_ANALYZER_NONNULL = YES;
				CLANG_CXX_LANGUAGE_STANDARD = "gnu++0x";
				CLANG_CXX_LIBRARY = "libc++";
				CLANG_ENABLE_MODULES = YES;
				CLANG_ENABLE_OBJC_ARC = YES;
				CLANG_WARN_BOOL_CONVERSION = YES;
				CLANG_WARN_CONSTANT_CONVERSION = YES;
				CLANG_WARN_DIRECT_OBJC_ISA_USAGE = YES_ERROR;
				CLANG_WARN_DOCUMENTATION_COMMENTS = YES;
				CLANG_WARN_EMPTY_BODY = YES;
				CLANG_WARN_ENUM_CONVERSION = YES;
				CLANG_WARN_INFINITE_RECURSION = YES;
				CLANG_WARN_INT_CONVERSION = YES;
				CLANG_WARN_OBJC_ROOT_CLASS = YES_ERROR;
				CLANG_WARN_SUSPICIOUS_MOVES = YES;
				CLANG_WARN_UNREACHABLE_CODE = YES;
				CLANG_WARN__DUPLICATE_METHOD_MATCH = YES;
				"CODE_SIGN_IDENTITY[sdk=iphoneos*]" = "iPhone Developer";
				COPY_PHASE_STRIP = NO;
				DEBUG_INFORMATION_FORMAT = dwarf;
				ENABLE_STRICT_OBJC_MSGSEND = YES;
				ENABLE_TESTABILITY = YES;
				GCC_C_LANGUAGE_STANDARD = gnu99;
				GCC_DYNAMIC_NO_PIC = NO;
				GCC_NO_COMMON_BLOCKS = YES;
				GCC_OPTIMIZATION_LEVEL = 0;
				GCC_PREPROCESSOR_DEFINITIONS = (
					"DEBUG=1",
					"$(inherited)",
				);
				GCC_WARN_64_TO_32_BIT_CONVERSION = YES;
				GCC_WARN_ABOUT_RETURN_TYPE = YES_ERROR;
				GCC_WARN_UNDECLARED_SELECTOR = YES;
				GCC_WARN_UNINITIALIZED_AUTOS = YES_AGGRESSIVE;
				GCC_WARN_UNUSED_FUNCTION = YES;
				GCC_WARN_UNUSED_VARIABLE = YES;
				IPHONEOS_DEPLOYMENT_TARGET = 10.0;
				MTL_ENABLE_DEBUG_INFO = YES;
				ONLY_ACTIVE_ARCH = YES;
				SDKROOT = iphoneos;
				SWIFT_ACTIVE_COMPILATION_CONDITIONS = DEBUG;
				SWIFT_OPTIMIZATION_LEVEL = "-Onone";
				TARGETED_DEVICE_FAMILY = "1,2";
			};
			name = Debug;
		};
		1582C5F31D95DD2D0047CE46 /* Release */ = {
			isa = XCBuildConfiguration;
			buildSettings = {
				ALWAYS_SEARCH_USER_PATHS = NO;
				CLANG_ANALYZER_NONNULL = YES;
				CLANG_CXX_LANGUAGE_STANDARD = "gnu++0x";
				CLANG_CXX_LIBRARY = "libc++";
				CLANG_ENABLE_MODULES = YES;
				CLANG_ENABLE_OBJC_ARC = YES;
				CLANG_WARN_BOOL_CONVERSION = YES;
				CLANG_WARN_CONSTANT_CONVERSION = YES;
				CLANG_WARN_DIRECT_OBJC_ISA_USAGE = YES_ERROR;
				CLANG_WARN_DOCUMENTATION_COMMENTS = YES;
				CLANG_WARN_EMPTY_BODY = YES;
				CLANG_WARN_ENUM_CONVERSION = YES;
				CLANG_WARN_INFINITE_RECURSION = YES;
				CLANG_WARN_INT_CONVERSION = YES;
				CLANG_WARN_OBJC_ROOT_CLASS = YES_ERROR;
				CLANG_WARN_SUSPICIOUS_MOVES = YES;
				CLANG_WARN_UNREACHABLE_CODE = YES;
				CLANG_WARN__DUPLICATE_METHOD_MATCH = YES;
				"CODE_SIGN_IDENTITY[sdk=iphoneos*]" = "iPhone Developer";
				COPY_PHASE_STRIP = NO;
				DEBUG_INFORMATION_FORMAT = "dwarf-with-dsym";
				ENABLE_NS_ASSERTIONS = NO;
				ENABLE_STRICT_OBJC_MSGSEND = YES;
				GCC_C_LANGUAGE_STANDARD = gnu99;
				GCC_NO_COMMON_BLOCKS = YES;
				GCC_WARN_64_TO_32_BIT_CONVERSION = YES;
				GCC_WARN_ABOUT_RETURN_TYPE = YES_ERROR;
				GCC_WARN_UNDECLARED_SELECTOR = YES;
				GCC_WARN_UNINITIALIZED_AUTOS = YES_AGGRESSIVE;
				GCC_WARN_UNUSED_FUNCTION = YES;
				GCC_WARN_UNUSED_VARIABLE = YES;
				IPHONEOS_DEPLOYMENT_TARGET = 10.0;
				MTL_ENABLE_DEBUG_INFO = NO;
				SDKROOT = iphoneos;
				SWIFT_OPTIMIZATION_LEVEL = "-Owholemodule";
				TARGETED_DEVICE_FAMILY = "1,2";
				VALIDATE_PRODUCT = YES;
			};
			name = Release;
		};
		1582C5F51D95DD2D0047CE46 /* Debug */ = {
			isa = XCBuildConfiguration;
			buildSettings = {
				ASSETCATALOG_COMPILER_APPICON_NAME = AppIcon;
				INFOPLIST_FILE = Radical/Info.plist;
				LD_RUNPATH_SEARCH_PATHS = "$(inherited) @executable_path/Frameworks";
				PRODUCT_BUNDLE_IDENTIFIER = com.vinit.Radical;
				PRODUCT_NAME = "$(TARGET_NAME)";
				SWIFT_VERSION = 3.0;
			};
			name = Debug;
		};
		1582C5F61D95DD2D0047CE46 /* Release */ = {
			isa = XCBuildConfiguration;
			buildSettings = {
				ASSETCATALOG_COMPILER_APPICON_NAME = AppIcon;
				INFOPLIST_FILE = Radical/Info.plist;
				LD_RUNPATH_SEARCH_PATHS = "$(inherited) @executable_path/Frameworks";
				PRODUCT_BUNDLE_IDENTIFIER = com.vinit.Radical;
				PRODUCT_NAME = "$(TARGET_NAME)";
				SWIFT_VERSION = 3.0;
			};
			name = Release;
		};
		1582C5F81D95DD2D0047CE46 /* Debug */ = {
			isa = XCBuildConfiguration;
			buildSettings = {
				ALWAYS_EMBED_SWIFT_STANDARD_LIBRARIES = YES;
				BUNDLE_LOADER = "$(TEST_HOST)";
				INFOPLIST_FILE = RadicalTests/Info.plist;
				LD_RUNPATH_SEARCH_PATHS = "$(inherited) @executable_path/Frameworks @loader_path/Frameworks";
				PRODUCT_BUNDLE_IDENTIFIER = com.vinit.RadicalTests;
				PRODUCT_NAME = "$(TARGET_NAME)";
				SWIFT_VERSION = 3.0;
				TEST_HOST = "$(BUILT_PRODUCTS_DIR)/Radical.app/Radical";
			};
			name = Debug;
		};
		1582C5F91D95DD2D0047CE46 /* Release */ = {
			isa = XCBuildConfiguration;
			buildSettings = {
				ALWAYS_EMBED_SWIFT_STANDARD_LIBRARIES = YES;
				BUNDLE_LOADER = "$(TEST_HOST)";
				INFOPLIST_FILE = RadicalTests/Info.plist;
				LD_RUNPATH_SEARCH_PATHS = "$(inherited) @executable_path/Frameworks @loader_path/Frameworks";
				PRODUCT_BUNDLE_IDENTIFIER = com.vinit.RadicalTests;
				PRODUCT_NAME = "$(TARGET_NAME)";
				SWIFT_VERSION = 3.0;
				TEST_HOST = "$(BUILT_PRODUCTS_DIR)/Radical.app/Radical";
			};
			name = Release;
		};
		1582C5FB1D95DD2D0047CE46 /* Debug */ = {
			isa = XCBuildConfiguration;
			buildSettings = {
				ALWAYS_EMBED_SWIFT_STANDARD_LIBRARIES = YES;
				INFOPLIST_FILE = RadicalUITests/Info.plist;
				LD_RUNPATH_SEARCH_PATHS = "$(inherited) @executable_path/Frameworks @loader_path/Frameworks";
				PRODUCT_BUNDLE_IDENTIFIER = com.vinit.RadicalUITests;
				PRODUCT_NAME = "$(TARGET_NAME)";
				SWIFT_VERSION = 3.0;
				TEST_TARGET_NAME = Radical;
			};
			name = Debug;
		};
		1582C5FC1D95DD2D0047CE46 /* Release */ = {
			isa = XCBuildConfiguration;
			buildSettings = {
				ALWAYS_EMBED_SWIFT_STANDARD_LIBRARIES = YES;
				INFOPLIST_FILE = RadicalUITests/Info.plist;
				LD_RUNPATH_SEARCH_PATHS = "$(inherited) @executable_path/Frameworks @loader_path/Frameworks";
				PRODUCT_BUNDLE_IDENTIFIER = com.vinit.RadicalUITests;
				PRODUCT_NAME = "$(TARGET_NAME)";
				SWIFT_VERSION = 3.0;
				TEST_TARGET_NAME = Radical;
			};
			name = Release;
		};
/* End XCBuildConfiguration section */

/* Begin XCConfigurationList section */
		1582C5C71D95DD2D0047CE46 /* Build configuration list for PBXProject "Radical" */ = {
			isa = XCConfigurationList;
			buildConfigurations = (
				1582C5F21D95DD2D0047CE46 /* Debug */,
				1582C5F31D95DD2D0047CE46 /* Release */,
			);
			defaultConfigurationIsVisible = 0;
			defaultConfigurationName = Release;
		};
		1582C5F41D95DD2D0047CE46 /* Build configuration list for PBXNativeTarget "Radical" */ = {
			isa = XCConfigurationList;
			buildConfigurations = (
				1582C5F51D95DD2D0047CE46 /* Debug */,
				1582C5F61D95DD2D0047CE46 /* Release */,
			);
			defaultConfigurationIsVisible = 0;
		};
		1582C5F71D95DD2D0047CE46 /* Build configuration list for PBXNativeTarget "RadicalTests" */ = {
			isa = XCConfigurationList;
			buildConfigurations = (
				1582C5F81D95DD2D0047CE46 /* Debug */,
				1582C5F91D95DD2D0047CE46 /* Release */,
			);
			defaultConfigurationIsVisible = 0;
		};
		1582C5FA1D95DD2D0047CE46 /* Build configuration list for PBXNativeTarget "RadicalUITests" */ = {
			isa = XCConfigurationList;
			buildConfigurations = (
				1582C5FB1D95DD2D0047CE46 /* Debug */,
				1582C5FC1D95DD2D0047CE46 /* Release */,
			);
			defaultConfigurationIsVisible = 0;
		};
/* End XCConfigurationList section */
	};
	rootObject = 1582C5C41D95DD2D0047CE46 /* Project object */;
}
